
Microsoft Visual Studio Solution File, Format Version 12.00
# Visual Studio Version 17
VisualStudioVersion = 17.9.34723.18
MinimumVisualStudioVersion = 10.0.40219.1
Project("{8BC9CEB8-8B4A-11D0-8D11-00A0C91BC942}") = "SocketServer", "SocketServer\SocketServer.vcxproj", "{DA96EED9-6161-4546-8EF8-B1CC0E2E2806}"
EndProject
Global
	GlobalSection(SolutionConfigurationPlatforms) = preSolution
		Debug|x64 = Debug|x64
		Debug|x86 = Debug|x86
		Release|x64 = Release|x64
		Release|x86 = Release|x86
	EndGlobalSection
	GlobalSection(ProjectConfigurationPlatforms) = postSolution
		{DA96EED9-6161-4546-8EF8-B1CC0E2E2806}.Debug|x64.ActiveCfg = Debug|x64
		{DA96EED9-6161-4546-8EF8-B1CC0E2E2806}.Debug|x64.Build.0 = Debug|x64
		{DA96EED9-6161-4546-8EF8-B1CC0E2E2806}.Debug|x86.ActiveCfg = Debug|Win32
		{DA96EED9-6161-4546-8EF8-B1CC0E2E2806}.Debug|x86.Build.0 = Debug|Win32
		{DA96EED9-6161-4546-8EF8-B1CC0E2E2806}.Release|x64.ActiveCfg = Release|x64
		{DA96EED9-6161-4546-8EF8-B1CC0E2E2806}.Release|x64.Build.0 = Release|x64
		{DA96EED9-6161-4546-8EF8-B1CC0E2E2806}.Release|x86.ActiveCfg = Release|Win32
		{DA96EED9-6161-4546-8EF8-B1CC0E2E2806}.Release|x86.Build.0 = Release|Win32
	EndGlobalSection
	GlobalSection(SolutionProperties) = preSolution
		HideSolutionNode = FALSE
	EndGlobalSection
	GlobalSection(ExtensibilityGlobals) = postSolution
		SolutionGuid = {4D064DB4-F73F-4045-B4CD-66F22B3C72ED}
	EndGlobalSection
EndGlobal
